
Microsoft Visual Studio Solution File, Format Version 12.00
# Visual Studio Version 17
VisualStudioVersion = 17.14.37614.0 d17.14
MinimumVisualStudioVersion = 10.0.40219.1
Project("{FAE04EC0-301F-11D3-BF4B-00C04F79EFBC}") = "241611JalopPersonalWebsite", "241611JalopPersonalWebsite\241611JalopPersonalWebsite.csproj", "{3AB94EA9-52C1-4F19-A26A-377958E73A52}"
EndProject
Global
	GlobalSection(SolutionConfigurationPlatforms) = preSolution
		Debug|Any CPU = Debug|Any CPU
		Release|Any CPU = Release|Any CPU
	EndGlobalSection
	GlobalSection(ProjectConfigurationPlatforms) = postSolution
		{3AB94EA9-52C1-4F19-A26A-377958E73A52}.Debug|Any CPU.ActiveCfg = Debug|Any CPU
		{3AB94EA9-52C1-4F19-A26A-377958E73A52}.Debug|Any CPU.Build.0 = Debug|Any CPU
		{3AB94EA9-52C1-4F19-A26A-377958E73A52}.Release|Any CPU.ActiveCfg = Release|Any CPU
		{3AB94EA9-52C1-4F19-A26A-377958E73A52}.Release|Any CPU.Build.0 = Release|Any CPU
	EndGlobalSection
	GlobalSection(SolutionProperties) = preSolution
		HideSolutionNode = FALSE
	EndGlobalSection
	GlobalSection(ExtensibilityGlobals) = postSolution
		SolutionGuid = {8D0C5EDF-D3CD-47BF-85FA-EBDFEFD7E46C}
	EndGlobalSection
EndGlobal
